{
  "name": "tulistop-react-native-client",
  "version": "0.0.17",
  "lockfileVersion": 1,
  "requires": true,
  "dependencies": {
    "@types/node": {
      "version": "8.10.38",
      "resolved": "https://registry.npmjs.org/@types/node/-/node-8.10.38.tgz",
      "integrity": "sha512-EibsnbJerd0hBFaDjJStFrVbVBAtOy4dgL8zZFw0uOvPqzBAX59Ci8cgjg3+RgJIWhsB5A4c+pi+D4P9tQQh/A==",
      "dev": true
    },
    "typescript": {
      "version": "2.9.2",
      "resolved": "https://registry.npmjs.org/typescript/-/typescript-2.9.2.tgz",
      "integrity": "sha512-Gr4p6nFNaoufRIY4NMdpQRNmgxVIGMs4Fcu/ujdYk3nAZqk7supzBE9idmvfZIlH/Cuj//dvi+019qEue9lV0w==",
      "dev": true
    }
  }
}
